
Microsoft Visual Studio Solution File, Format Version 12.00
# Visual Studio Version 16
VisualStudioVersion = 16.0.29920.165
MinimumVisualStudioVersion = 10.0.40219.1
Project("{FAE04EC0-301F-11D3-BF4B-00C04F79EFBC}") = "SMGService", "SMGService\SMGService.csproj", "{2FA81033-4BAF-4DCC-ABD7-2F944D3AAD78}"
EndProject
Global
	GlobalSection(SolutionConfigurationPlatforms) = preSolution
		Debug|Any CPU = Debug|Any CPU
		Release|Any CPU = Release|Any CPU
	EndGlobalSection
	GlobalSection(ProjectConfigurationPlatforms) = postSolution
		{2FA81033-4BAF-4DCC-ABD7-2F944D3AAD78}.Debug|Any CPU.ActiveCfg = Debug|Any CPU
		{2FA81033-4BAF-4DCC-ABD7-2F944D3AAD78}.Debug|Any CPU.Build.0 = Debug|Any CPU
		{2FA81033-4BAF-4DCC-ABD7-2F944D3AAD78}.Release|Any CPU.ActiveCfg = Release|Any CPU
		{2FA81033-4BAF-4DCC-ABD7-2F944D3AAD78}.Release|Any CPU.Build.0 = Release|Any CPU
	EndGlobalSection
	GlobalSection(SolutionProperties) = preSolution
		HideSolutionNode = FALSE
	EndGlobalSection
	GlobalSection(ExtensibilityGlobals) = postSolution
		SolutionGuid = {B327388F-FF79-42DD-B8E9-C3C046AB4B0F}
	EndGlobalSection
EndGlobal
